
Microsoft Visual Studio Solution File, Format Version 12.00
# Visual Studio Version 16
VisualStudioVersion = 16.0.29911.84
MinimumVisualStudioVersion = 10.0.40219.1
Project("{FAE04EC0-301F-11D3-BF4B-00C04F79EFBC}") = "DAC - DofusInvoker Auto Decompiler", "DAC - DofusInvoker Auto Decompiler\DAC - DofusInvoker Auto Decompiler.csproj", "{DDC67AE7-A527-4127-8B7F-944729F3FC16}"
EndProject
Global
	GlobalSection(SolutionConfigurationPlatforms) = preSolution
		Debug|Any CPU = Debug|Any CPU
		Release|Any CPU = Release|Any CPU
	EndGlobalSection
	GlobalSection(ProjectConfigurationPlatforms) = postSolution
		{DDC67AE7-A527-4127-8B7F-944729F3FC16}.Debug|Any CPU.ActiveCfg = Debug|Any CPU
		{DDC67AE7-A527-4127-8B7F-944729F3FC16}.Debug|Any CPU.Build.0 = Debug|Any CPU
		{DDC67AE7-A527-4127-8B7F-944729F3FC16}.Release|Any CPU.ActiveCfg = Release|Any CPU
		{DDC67AE7-A527-4127-8B7F-944729F3FC16}.Release|Any CPU.Build.0 = Release|Any CPU
	EndGlobalSection
	GlobalSection(SolutionProperties) = preSolution
		HideSolutionNode = FALSE
	EndGlobalSection
	GlobalSection(ExtensibilityGlobals) = postSolution
		SolutionGuid = {0A8568FD-BC4D-489F-858C-951BF68EDA6E}
	EndGlobalSection
EndGlobal
